
Microsoft Visual Studio Solution File, Format Version 12.00
# Visual Studio Version 16
VisualStudioVersion = 16.0.31105.61
MinimumVisualStudioVersion = 10.0.40219.1
Project("{FAE04EC0-301F-11D3-BF4B-00C04F79EFBC}") = "practice_sqlSource", "practice_sqlSource.csproj", "{8F6632C3-9F26-4181-9B76-818C010C0A7A}"
EndProject
Global
	GlobalSection(SolutionConfigurationPlatforms) = preSolution
		Debug|Any CPU = Debug|Any CPU
		Release|Any CPU = Release|Any CPU
	EndGlobalSection
	GlobalSection(ProjectConfigurationPlatforms) = postSolution
		{8F6632C3-9F26-4181-9B76-818C010C0A7A}.Debug|Any CPU.ActiveCfg = Debug|Any CPU
		{8F6632C3-9F26-4181-9B76-818C010C0A7A}.Debug|Any CPU.Build.0 = Debug|Any CPU
		{8F6632C3-9F26-4181-9B76-818C010C0A7A}.Release|Any CPU.ActiveCfg = Release|Any CPU
		{8F6632C3-9F26-4181-9B76-818C010C0A7A}.Release|Any CPU.Build.0 = Release|Any CPU
	EndGlobalSection
	GlobalSection(SolutionProperties) = preSolution
		HideSolutionNode = FALSE
	EndGlobalSection
	GlobalSection(ExtensibilityGlobals) = postSolution
		SolutionGuid = {7EB63E00-517C-41E9-ACD1-C56D34A331B2}
	EndGlobalSection
EndGlobal
